
Microsoft Visual Studio Solution File, Format Version 12.00
# Visual Studio Version 16
VisualStudioVersion = 25.0.1704.2
MinimumVisualStudioVersion = 10.0.40219.1
Project("{FAE04EC0-301F-11D3-BF4B-00C04F79EFBC}") = "Number Guesser", "Number Guesser\Number Guesser.csproj", "{CCD20B22-68F1-442C-9399-2A6A5A9AD787}"
EndProject
Global
	GlobalSection(SolutionConfigurationPlatforms) = preSolution
		Debug|Any CPU = Debug|Any CPU
		Release|Any CPU = Release|Any CPU
	EndGlobalSection
	GlobalSection(ProjectConfigurationPlatforms) = postSolution
		{CCD20B22-68F1-442C-9399-2A6A5A9AD787}.Debug|Any CPU.ActiveCfg = Debug|Any CPU
		{CCD20B22-68F1-442C-9399-2A6A5A9AD787}.Debug|Any CPU.Build.0 = Debug|Any CPU
		{CCD20B22-68F1-442C-9399-2A6A5A9AD787}.Release|Any CPU.ActiveCfg = Release|Any CPU
		{CCD20B22-68F1-442C-9399-2A6A5A9AD787}.Release|Any CPU.Build.0 = Release|Any CPU
	EndGlobalSection
	GlobalSection(SolutionProperties) = preSolution
		HideSolutionNode = FALSE
	EndGlobalSection
	GlobalSection(ExtensibilityGlobals) = postSolution
		SolutionGuid = {2830A6F7-60C5-42AF-8795-1F394CAE8571}
	EndGlobalSection
EndGlobal
